
Microsoft Visual Studio Solution File, Format Version 12.00
# Visual Studio 15
VisualStudioVersion = 15.0.28010.2050
MinimumVisualStudioVersion = 10.0.40219.1
Project("{FAE04EC0-301F-11D3-BF4B-00C04F79EFBC}") = "RestaurantRater_MVC", "RestaurantRater_MVC\RestaurantRater_MVC.csproj", "{F3A3295D-6454-4DB4-B05A-62A9F0E4A26E}"
EndProject
Global
	GlobalSection(SolutionConfigurationPlatforms) = preSolution
		Debug|Any CPU = Debug|Any CPU
		Release|Any CPU = Release|Any CPU
	EndGlobalSection
	GlobalSection(ProjectConfigurationPlatforms) = postSolution
		{F3A3295D-6454-4DB4-B05A-62A9F0E4A26E}.Debug|Any CPU.ActiveCfg = Debug|Any CPU
		{F3A3295D-6454-4DB4-B05A-62A9F0E4A26E}.Debug|Any CPU.Build.0 = Debug|Any CPU
		{F3A3295D-6454-4DB4-B05A-62A9F0E4A26E}.Release|Any CPU.ActiveCfg = Release|Any CPU
		{F3A3295D-6454-4DB4-B05A-62A9F0E4A26E}.Release|Any CPU.Build.0 = Release|Any CPU
	EndGlobalSection
	GlobalSection(SolutionProperties) = preSolution
		HideSolutionNode = FALSE
	EndGlobalSection
	GlobalSection(ExtensibilityGlobals) = postSolution
		SolutionGuid = {B0356585-9978-43FD-9780-09F5F264940E}
	EndGlobalSection
EndGlobal
